# This file is automatically @generated by Cargo.
# It is not intended for manual editing.
version = 4

[[package]]
name = "ruster-bench"
version = "0.2.0"
dependencies = [
 "ruster-core",
]

[[package]]
name = "ruster-core"
version = "0.2.0"

[[package]]
name = "ruster-io-sim"
version = "0.2.0"
dependencies = [
 "ruster-core",
]
