# Generated by ruster - DO NOT EDIT
# Source: examples/home-router.toml (sha256: aa4fc042e8b40440)

generated_at = "2026-01-04T03:22:49.360655417+00:00"
source_hash = "aa4fc042e8b40440b4fa4b2c4d4ca276f66a8c9af274de358a5e9d4bad3712a0"

[interfaces.eth1]
role = "lan"
addressing = "static"
address = "192.168.1.1/24"
mtu = 1500
mac = "auto"
duplex = "auto"

[interfaces.eth0]
role = "wan"
addressing = "dhcp"
mtu = 1500
mac = "auto"
duplex = "auto"

[dhcp.lan]
interface = "lan"
range = [
    "192.168.1.100",
    "192.168.1.200",
]
gateway = "192.168.1.1"
dns = [
    "8.8.8.8",
    "8.8.4.4",
]
lease_time = 86400
domain = ""

[nat]
enabled = true
wan = "eth0"
lan = ["eth1"]
nat_type = "napt"

[[routing.static_routes]]
destination = "192.168.1.0/24"
gateway = "direct"
interface = "eth1"
source = "auto"
